// !$*UTF8*$!
{
	archiveVersion = 1;
	classes = {
	};
	objectVersion = 54;
	objects = {

/* Begin PBXBuildFile section */
		1B9BEDB528A0B3A9D30404E6 /* AINEWsApp.swift in Sources */ = {isa = PBXBuildFile; fileRef = BE14C19578B7E9347503CD14 /* AINEWsApp.swift */; };
		8E48E36BB8DCB33E405F1117 /* NewsStore.swift in Sources */ = {isa = PBXBuildFile; fileRef = 4F3FDCA897E63C3F5D14EDD3 /* NewsStore.swift */; };
		9723C11F5E273FE8A942469A /* ContentView.swift in Sources */ = {isa = PBXBuildFile; fileRef = BCFED3610B075097C7A1EE9D /* ContentView.swift */; };
		A1341A34FAA6AA0BCC047A23 /* Assets.xcassets in Resources */ = {isa = PBXBuildFile; fileRef = 09B848E09919AA49F153C020 /* Assets.xcassets */; };
		AAD48B00C60B4C26DB20A166 /* NewsClient.swift in Sources */ = {isa = PBXBuildFile; fileRef = BD5886B3C2BAA79C8E53F6C4 /* NewsClient.swift */; };
		B487216D29E0A0EABC531892 /* Models.swift in Sources */ = {isa = PBXBuildFile; fileRef = A69856B86DE54D21135C98EB /* Models.swift */; };
		CE8D613651F5260AA634B9B0 /* ShareCard.swift in Sources */ = {isa = PBXBuildFile; fileRef = 202405639B9C23B45AFC35D9 /* ShareCard.swift */; };
/* End PBXBuildFile section */

/* Begin PBXFileReference section */
		09B848E09919AA49F153C020 /* Assets.xcassets */ = {isa = PBXFileReference; lastKnownFileType = folder.assetcatalog; path = Assets.xcassets; sourceTree = "<group>"; };
		202405639B9C23B45AFC35D9 /* ShareCard.swift */ = {isa = PBXFileReference; lastKnownFileType = sourcecode.swift; path = ShareCard.swift; sourceTree = "<group>"; };
		4F3FDCA897E63C3F5D14EDD3 /* NewsStore.swift */ = {isa = PBXFileReference; lastKnownFileType = sourcecode.swift; path = NewsStore.swift; sourceTree = "<group>"; };
		A69856B86DE54D21135C98EB /* Models.swift */ = {isa = PBXFileReference; lastKnownFileType = sourcecode.swift; path = Models.swift; sourceTree = "<group>"; };
		A98CB52CA6DC3C3992E1221C /* AINEWs.app */ = {isa = PBXFileReference; includeInIndex = 0; lastKnownFileType = wrapper.application; path = AINEWs.app; sourceTree = BUILT_PRODUCTS_DIR; };
		BCFED3610B075097C7A1EE9D /* ContentView.swift */ = {isa = PBXFileReference; lastKnownFileType = sourcecode.swift; path = ContentView.swift; sourceTree = "<group>"; };
		BD5886B3C2BAA79C8E53F6C4 /* NewsClient.swift */ = {isa = PBXFileReference; lastKnownFileType = sourcecode.swift; path = NewsClient.swift; sourceTree = "<group>"; };
		BE14C19578B7E9347503CD14 /* AINEWsApp.swift */ = {isa = PBXFileReference; lastKnownFileType = sourcecode.swift; path = AINEWsApp.swift; sourceTree = "<group>"; };
/* End PBXFileReference section */

/* Begin PBXGroup section */
		023C439BF8E189B5420AB65F = {
			isa = PBXGroup;
			children = (
				3B85749068004F65C073C693 /* AINEWs */,
				A50BE9763143CCD8E43A0EA7 /* Products */,
			);
			sourceTree = "<group>";
		};
		3B85749068004F65C073C693 /* AINEWs */ = {
			isa = PBXGroup;
			children = (
				BE14C19578B7E9347503CD14 /* AINEWsApp.swift */,
				09B848E09919AA49F153C020 /* Assets.xcassets */,
				BCFED3610B075097C7A1EE9D /* ContentView.swift */,
				A69856B86DE54D21135C98EB /* Models.swift */,
				BD5886B3C2BAA79C8E53F6C4 /* NewsClient.swift */,
				4F3FDCA897E63C3F5D14EDD3 /* NewsStore.swift */,
				202405639B9C23B45AFC35D9 /* ShareCard.swift */,
			);
			path = AINEWs;
			sourceTree = "<group>";
		};
		A50BE9763143CCD8E43A0EA7 /* Products */ = {
			isa = PBXGroup;
			children = (
				A98CB52CA6DC3C3992E1221C /* AINEWs.app */,
			);
			name = Products;
			sourceTree = "<group>";
		};
/* End PBXGroup section */

/* Begin PBXNativeTarget section */
		9C01924A731CB1CD582A1468 /* AINEWs */ = {
			isa = PBXNativeTarget;
			buildConfigurationList = D6B2E9871426E1776BBCCFE1 /* Build configuration list for PBXNativeTarget "AINEWs" */;
			buildPhases = (
				A53668AB52D0FFEFA4CAFDC0 /* Sources */,
				A45804DD02157FF88B05A760 /* Resources */,
			);
			buildRules = (
			);
			dependencies = (
			);
			name = AINEWs;
			packageProductDependencies = (
			);
			productName = AINEWs;
			productReference = A98CB52CA6DC3C3992E1221C /* AINEWs.app */;
			productType = "com.apple.product-type.application";
		};
/* End PBXNativeTarget section */

/* Begin PBXProject section */
		245818E0063F6CC8A2CC04EC /* Project object */ = {
			isa = PBXProject;
			attributes = {
				BuildIndependentTargetsInParallel = YES;
				LastUpgradeCheck = 1430;
				TargetAttributes = {
					9C01924A731CB1CD582A1468 = {
						ProvisioningStyle = Automatic;
					};
				};
			};
			buildConfigurationList = 4A49137E50854C9E6F09DC46 /* Build configuration list for PBXProject "AINEWs" */;
			compatibilityVersion = "Xcode 14.0";
			developmentRegion = en;
			hasScannedForEncodings = 0;
			knownRegions = (
				Base,
				en,
			);
			mainGroup = 023C439BF8E189B5420AB65F;
			minimizedProjectReferenceProxies = 1;
			preferredProjectObjectVersion = 54;
			projectDirPath = "";
			projectRoot = "";
			targets = (
				9C01924A731CB1CD582A1468 /* AINEWs */,
			);
		};
/* End PBXProject section */

/* Begin PBXResourcesBuildPhase section */
		A45804DD02157FF88B05A760 /* Resources */ = {
			isa = PBXResourcesBuildPhase;
			buildActionMask = 2147483647;
			files = (
				A1341A34FAA6AA0BCC047A23 /* Assets.xcassets in Resources */,
			);
			runOnlyForDeploymentPostprocessing = 0;
		};
/* End PBXResourcesBuildPhase section */

/* Begin PBXSourcesBuildPhase section */
		A53668AB52D0FFEFA4CAFDC0 /* Sources */ = {
			isa = PBXSourcesBuildPhase;
			buildActionMask = 2147483647;
			files = (
				1B9BEDB528A0B3A9D30404E6 /* AINEWsApp.swift in Sources */,
				9723C11F5E273FE8A942469A /* ContentView.swift in Sources */,
				B487216D29E0A0EABC531892 /* Models.swift in Sources */,
				AAD48B00C60B4C26DB20A166 /* NewsClient.swift in Sources */,
				8E48E36BB8DCB33E405F1117 /* NewsStore.swift in Sources */,
				CE8D613651F5260AA634B9B0 /* ShareCard.swift in Sources */,
			);
			runOnlyForDeploymentPostprocessing = 0;
		};
/* End PBXSourcesBuildPhase section */

/* Begin XCBuildConfiguration section */
		27D8C1A448C7C49D06CBF0DE /* Debug */ = {
			isa = XCBuildConfiguration;
			buildSettings = {
				ASSETCATALOG_COMPILER_APPICON_NAME = "";
				CODE_SIGN_IDENTITY = "iPhone Developer";
				CODE_SIGN_STYLE = Automatic;
				GENERATE_INFOPLIST_FILE = YES;
				INFOPLIST_KEY_CFBundleDisplayName = "团队AI简报";
				INFOPLIST_KEY_UILaunchScreen_Generation = YES;
				INFOPLIST_KEY_UISupportedInterfaceOrientations = UIInterfaceOrientationPortrait;
				LD_RUNPATH_SEARCH_PATHS = (
					"$(inherited)",
					"@executable_path/Frameworks",
				);
				PRODUCT_BUNDLE_IDENTIFIER = news.ainews.ios;
				PRODUCT_NAME = AINEWs;
				SDKROOT = iphoneos;
				SUPPORTED_PLATFORMS = "iphoneos iphonesimulator";
				SUPPORTS_MACCATALYST = NO;
				TARGETED_DEVICE_FAMILY = 1;
			};
			name = Debug;
		};
		96C20F2BFF84BA8B51C0402D /* Release */ = {
			isa = XCBuildConfiguration;
			buildSettings = {
				ASSETCATALOG_COMPILER_APPICON_NAME = "";
				CODE_SIGN_IDENTITY = "iPhone Developer";
				CODE_SIGN_STYLE = Automatic;
				GENERATE_INFOPLIST_FILE = YES;
				INFOPLIST_KEY_CFBundleDisplayName = "团队AI简报";
				INFOPLIST_KEY_UILaunchScreen_Generation = YES;
				INFOPLIST_KEY_UISupportedInterfaceOrientations = UIInterfaceOrientationPortrait;
				LD_RUNPATH_SEARCH_PATHS = (
					"$(inherited)",
					"@executable_path/Frameworks",
				);
				PRODUCT_BUNDLE_IDENTIFIER = news.ainews.ios;
				PRODUCT_NAME = AINEWs;
				SDKROOT = iphoneos;
				SUPPORTED_PLATFORMS = "iphoneos iphonesimulator";
				SUPPORTS_MACCATALYST = NO;
				TARGETED_DEVICE_FAMILY = 1;
			};
			name = Release;
		};
		9D8D544D86B0AA9DBA92BB29 /* Release */ = {
			isa = XCBuildConfiguration;
			buildSettings = {
				ALWAYS_SEARCH_USER_PATHS = NO;
				CLANG_ANALYZER_NONNULL = YES;
				CLANG_ANALYZER_NUMBER_OBJECT_CONVERSION = YES_AGGRESSIVE;
				CLANG_CXX_LANGUAGE_STANDARD = "gnu++14";
				CLANG_CXX_LIBRARY = "libc++";
				CLANG_ENABLE_MODULES = YES;
				CLANG_ENABLE_OBJC_ARC = YES;
				CLANG_ENABLE_OBJC_WEAK = YES;
				CLANG_WARN_BLOCK_CAPTURE_AUTORELEASING = YES;
				CLANG_WARN_BOOL_CONVERSION = YES;
				CLANG_WARN_COMMA = YES;
				CLANG_WARN_CONSTANT_CONVERSION = YES;
				CLANG_WARN_DEPRECATED_OBJC_IMPLEMENTATIONS = YES;
				CLANG_WARN_DIRECT_OBJC_ISA_USAGE = YES_ERROR;
				CLANG_WARN_DOCUMENTATION_COMMENTS = YES;
				CLANG_WARN_EMPTY_BODY = YES;
				CLANG_WARN_ENUM_CONVERSION = YES;
				CLANG_WARN_INFINITE_RECURSION = YES;
				CLANG_WARN_INT_CONVERSION = YES;
				CLANG_WARN_NON_LITERAL_NULL_CONVERSION = YES;
				CLANG_WARN_OBJC_IMPLICIT_RETAIN_SELF = YES;
				CLANG_WARN_OBJC_LITERAL_CONVERSION = YES;
				CLANG_WARN_OBJC_ROOT_CLASS = YES_ERROR;
				CLANG_WARN_QUOTED_INCLUDE_IN_FRAMEWORK_HEADER = YES;
				CLANG_WARN_RANGE_LOOP_ANALYSIS = YES;
				CLANG_WARN_STRICT_PROTOTYPES = YES;
				CLANG_WARN_SUSPICIOUS_MOVE = YES;
				CLANG_WARN_UNGUARDED_AVAILABILITY = YES_AGGRESSIVE;
				CLANG_WARN_UNREACHABLE_CODE = YES;
				CLANG_WARN__DUPLICATE_METHOD_MATCH = YES;
				COPY_PHASE_STRIP = NO;
				CURRENT_PROJECT_VERSION = 1;
				DEBUG_INFORMATION_FORMAT = "dwarf-with-dsym";
				ENABLE_NS_ASSERTIONS = NO;
				ENABLE_STRICT_OBJC_MSGSEND = YES;
				GCC_C_LANGUAGE_STANDARD = gnu11;
				GCC_NO_COMMON_BLOCKS = YES;
				GCC_WARN_64_TO_32_BIT_CONVERSION = YES;
				GCC_WARN_ABOUT_RETURN_TYPE = YES_ERROR;
				GCC_WARN_UNDECLARED_SELECTOR = YES;
				GCC_WARN_UNINITIALIZED_AUTOS = YES_AGGRESSIVE;
				GCC_WARN_UNUSED_FUNCTION = YES;
				GCC_WARN_UNUSED_VARIABLE = YES;
				IPHONEOS_DEPLOYMENT_TARGET = 17.0;
				MARKETING_VERSION = 1.0;
				MTL_ENABLE_DEBUG_INFO = NO;
				MTL_FAST_MATH = YES;
				PRODUCT_NAME = "$(TARGET_NAME)";
				SDKROOT = iphoneos;
				SWIFT_COMPILATION_MODE = wholemodule;
				SWIFT_OPTIMIZATION_LEVEL = "-O";
				SWIFT_VERSION = 5.0;
			};
			name = Release;
		};
		E05BF1D29F4372FFEF3228E0 /* Debug */ = {
			isa = XCBuildConfiguration;
			buildSettings = {
				ALWAYS_SEARCH_USER_PATHS = NO;
				CLANG_ANALYZER_NONNULL = YES;
				CLANG_ANALYZER_NUMBER_OBJECT_CONVERSION = YES_AGGRESSIVE;
				CLANG_CXX_LANGUAGE_STANDARD = "gnu++14";
				CLANG_CXX_LIBRARY = "libc++";
				CLANG_ENABLE_MODULES = YES;
				CLANG_ENABLE_OBJC_ARC = YES;
				CLANG_ENABLE_OBJC_WEAK = YES;
				CLANG_WARN_BLOCK_CAPTURE_AUTORELEASING = YES;
				CLANG_WARN_BOOL_CONVERSION = YES;
				CLANG_WARN_COMMA = YES;
				CLANG_WARN_CONSTANT_CONVERSION = YES;
				CLANG_WARN_DEPRECATED_OBJC_IMPLEMENTATIONS = YES;
				CLANG_WARN_DIRECT_OBJC_ISA_USAGE = YES_ERROR;
				CLANG_WARN_DOCUMENTATION_COMMENTS = YES;
				CLANG_WARN_EMPTY_BODY = YES;
				CLANG_WARN_ENUM_CONVERSION = YES;
				CLANG_WARN_INFINITE_RECURSION = YES;
				CLANG_WARN_INT_CONVERSION = YES;
				CLANG_WARN_NON_LITERAL_NULL_CONVERSION = YES;
				CLANG_WARN_OBJC_IMPLICIT_RETAIN_SELF = YES;
				CLANG_WARN_OBJC_LITERAL_CONVERSION = YES;
				CLANG_WARN_OBJC_ROOT_CLASS = YES_ERROR;
				CLANG_WARN_QUOTED_INCLUDE_IN_FRAMEWORK_HEADER = YES;
				CLANG_WARN_RANGE_LOOP_ANALYSIS = YES;
				CLANG_WARN_STRICT_PROTOTYPES = YES;
				CLANG_WARN_SUSPICIOUS_MOVE = YES;
				CLANG_WARN_UNGUARDED_AVAILABILITY = YES_AGGRESSIVE;
				CLANG_WARN_UNREACHABLE_CODE = YES;
				CLANG_WARN__DUPLICATE_METHOD_MATCH = YES;
				COPY_PHASE_STRIP = NO;
				CURRENT_PROJECT_VERSION = 1;
				DEBUG_INFORMATION_FORMAT = dwarf;
				ENABLE_STRICT_OBJC_MSGSEND = YES;
				ENABLE_TESTABILITY = YES;
				GCC_C_LANGUAGE_STANDARD = gnu11;
				GCC_DYNAMIC_NO_PIC = NO;
				GCC_NO_COMMON_BLOCKS = YES;
				GCC_OPTIMIZATION_LEVEL = 0;
				GCC_PREPROCESSOR_DEFINITIONS = (
					"$(inherited)",
					"DEBUG=1",
				);
				GCC_WARN_64_TO_32_BIT_CONVERSION = YES;
				GCC_WARN_ABOUT_RETURN_TYPE = YES_ERROR;
				GCC_WARN_UNDECLARED_SELECTOR = YES;
				GCC_WARN_UNINITIALIZED_AUTOS = YES_AGGRESSIVE;
				GCC_WARN_UNUSED_FUNCTION = YES;
				GCC_WARN_UNUSED_VARIABLE = YES;
				IPHONEOS_DEPLOYMENT_TARGET = 17.0;
				MARKETING_VERSION = 1.0;
				MTL_ENABLE_DEBUG_INFO = INCLUDE_SOURCE;
				MTL_FAST_MATH = YES;
				ONLY_ACTIVE_ARCH = YES;
				PRODUCT_NAME = "$(TARGET_NAME)";
				SDKROOT = iphoneos;
				SWIFT_ACTIVE_COMPILATION_CONDITIONS = DEBUG;
				SWIFT_OPTIMIZATION_LEVEL = "-Onone";
				SWIFT_VERSION = 5.0;
			};
			name = Debug;
		};
/* End XCBuildConfiguration section */

/* Begin XCConfigurationList section */
		4A49137E50854C9E6F09DC46 /* Build configuration list for PBXProject "AINEWs" */ = {
			isa = XCConfigurationList;
			buildConfigurations = (
				E05BF1D29F4372FFEF3228E0 /* Debug */,
				9D8D544D86B0AA9DBA92BB29 /* Release */,
			);
			defaultConfigurationIsVisible = 0;
			defaultConfigurationName = Debug;
		};
		D6B2E9871426E1776BBCCFE1 /* Build configuration list for PBXNativeTarget "AINEWs" */ = {
			isa = XCConfigurationList;
			buildConfigurations = (
				27D8C1A448C7C49D06CBF0DE /* Debug */,
				96C20F2BFF84BA8B51C0402D /* Release */,
			);
			defaultConfigurationIsVisible = 0;
			defaultConfigurationName = Debug;
		};
/* End XCConfigurationList section */
	};
	rootObject = 245818E0063F6CC8A2CC04EC /* Project object */;
}
